
Microsoft Visual Studio Solution File, Format Version 12.00
# Visual Studio 2012
Project("{FAE04EC0-301F-11D3-BF4B-00C04F79EFBC}") = "edge-ps", "edge-ps\edge-ps.csproj", "{D3E2CE3B-B2B8-4E2A-B263-1B03984A5C87}"
EndProject
Global
	GlobalSection(SolutionConfigurationPlatforms) = preSolution
		Debug|Any CPU = Debug|Any CPU
		Release|Any CPU = Release|Any CPU
	EndGlobalSection
	GlobalSection(ProjectConfigurationPlatforms) = postSolution
		{D3E2CE3B-B2B8-4E2A-B263-1B03984A5C87}.Debug|Any CPU.ActiveCfg = Debug|Any CPU
		{D3E2CE3B-B2B8-4E2A-B263-1B03984A5C87}.Debug|Any CPU.Build.0 = Debug|Any CPU
		{D3E2CE3B-B2B8-4E2A-B263-1B03984A5C87}.Release|Any CPU.ActiveCfg = Release|Any CPU
		{D3E2CE3B-B2B8-4E2A-B263-1B03984A5C87}.Release|Any CPU.Build.0 = Release|Any CPU
	EndGlobalSection
	GlobalSection(SolutionProperties) = preSolution
		HideSolutionNode = FALSE
	EndGlobalSection
EndGlobal
